
Microsoft Visual Studio Solution File, Format Version 12.00
# Visual Studio Version 16
VisualStudioVersion = 16.0.30717.126
MinimumVisualStudioVersion = 10.0.40219.1
Project("{FAE04EC0-301F-11D3-BF4B-00C04F79EFBC}") = "User_Control_Demo", "User_Control_Demo.csproj", "{CE01E457-861C-4D4F-9E71-77AA361C62F0}"
EndProject
Global
	GlobalSection(SolutionConfigurationPlatforms) = preSolution
		Debug|Any CPU = Debug|Any CPU
		Release|Any CPU = Release|Any CPU
	EndGlobalSection
	GlobalSection(ProjectConfigurationPlatforms) = postSolution
		{CE01E457-861C-4D4F-9E71-77AA361C62F0}.Debug|Any CPU.ActiveCfg = Debug|Any CPU
		{CE01E457-861C-4D4F-9E71-77AA361C62F0}.Debug|Any CPU.Build.0 = Debug|Any CPU
		{CE01E457-861C-4D4F-9E71-77AA361C62F0}.Release|Any CPU.ActiveCfg = Release|Any CPU
		{CE01E457-861C-4D4F-9E71-77AA361C62F0}.Release|Any CPU.Build.0 = Release|Any CPU
	EndGlobalSection
	GlobalSection(SolutionProperties) = preSolution
		HideSolutionNode = FALSE
	EndGlobalSection
	GlobalSection(ExtensibilityGlobals) = postSolution
		SolutionGuid = {38396B55-004F-432C-8D2B-03F4B5AEFBD7}
	EndGlobalSection
EndGlobal
